<?xml version="1.0" encoding="utf-8"?>
<Project ToolsVersion="4.0" xmlns="http://schemas.microsoft.com/developer/msbuild/2003">
  <ItemGroup>
    <Filter Include="源文件">
      <UniqueIdentifier>{4FC737F1-C7A5-4376-A066-2A32D752A2FF}</UniqueIdentifier>
      <Extensions>cpp;c;cc;cxx;def;odl;idl;hpj;bat;asm;asmx</Extensions>
    </Filter>
    <Filter Include="头文件">
      <UniqueIdentifier>{93995380-89BD-4b04-88EB-625FBE52EBFB}</UniqueIdentifier>
      <Extensions>h;hh;hpp;hxx;hm;inl;inc;xsd</Extensions>
    </Filter>
    <Filter Include="资源文件">
      <UniqueIdentifier>{67DA6AB6-F800-4c08-8B7A-83BB121AAD01}</UniqueIdentifier>
      <Extensions>rc;ico;cur;bmp;dlg;rc2;rct;bin;rgs;gif;jpg;jpeg;jpe;resx;tiff;tif;png;wav;mfcribbon-ms</Extensions>
    </Filter>
  </ItemGroup>
  <ItemGroup>
    <ClCompile Include="..\src\binary_tree.cc">
      <Filter>源文件</Filter>
    </ClCompile>
    <ClCompile Include="..\src\double_num.cc">
      <Filter>源文件</Filter>
    </ClCompile>
    <ClCompile Include="..\src\find_number_in_martrix.cc">
      <Filter>源文件</Filter>
    </ClCompile>
    <ClCompile Include="..\src\link_list.cc">
      <Filter>源文件</Filter>
    </ClCompile>
    <ClCompile Include="..\src\main.cc">
      <Filter>源文件</Filter>
    </ClCompile>
    <ClCompile Include="..\src\recursion.cc">
      <Filter>源文件</Filter>
    </ClCompile>
    <ClCompile Include="..\src\search.cc">
      <Filter>源文件</Filter>
    </ClCompile>
    <ClCompile Include="..\src\sort.cc">
      <Filter>源文件</Filter>
    </ClCompile>
    <ClCompile Include="..\src\stack.cc">
      <Filter>源文件</Filter>
    </ClCompile>
    <ClCompile Include="..\src\myString.cc">
      <Filter>源文件</Filter>
    </ClCompile>
    <ClCompile Include="..\src\baseAlg.cc">
      <Filter>源文件</Filter>
    </ClCompile>
    <ClCompile Include="..\src\array.cc">
      <Filter>源文件</Filter>
    </ClCompile>
  </ItemGroup>
  <ItemGroup>
    <ClInclude Include="..\inc\array.h">
      <Filter>头文件</Filter>
    </ClInclude>
    <ClInclude Include="..\inc\binary_tree.h">
      <Filter>头文件</Filter>
    </ClInclude>
    <ClInclude Include="..\inc\define_function.h">
      <Filter>头文件</Filter>
    </ClInclude>
    <ClInclude Include="..\inc\link_list.h">
      <Filter>头文件</Filter>
    </ClInclude>
    <ClInclude Include="..\inc\recursion.h">
      <Filter>头文件</Filter>
    </ClInclude>
    <ClInclude Include="..\inc\search.h">
      <Filter>头文件</Filter>
    </ClInclude>
    <ClInclude Include="..\inc\sort.h">
      <Filter>头文件</Filter>
    </ClInclude>
    <ClInclude Include="..\inc\stack.h">
      <Filter>头文件</Filter>
    </ClInclude>
    <ClInclude Include="..\inc\myString.h">
      <Filter>头文件</Filter>
    </ClInclude>
    <ClInclude Include="baseAlg.h">
      <Filter>头文件</Filter>
    </ClInclude>
  </ItemGroup>
</Project>