
Microsoft Visual Studio Solution File, Format Version 12.00
# Visual Studio 14
VisualStudioVersion = 14.0.25420.1
MinimumVisualStudioVersion = 10.0.40219.1
Project("{8BC9CEB8-8B4A-11D0-8D11-00A0C91BC942}") = "HelloWorld", "HelloWorld\HelloWorld.vcxproj", "{C2F7684B-62DC-4F5A-9E67-7CAF4117FFFB}"
EndProject
Global
	GlobalSection(SolutionConfigurationPlatforms) = preSolution
		Debug|x64 = Debug|x64
		Debug|x86 = Debug|x86
		Release|x64 = Release|x64
		Release|x86 = Release|x86
	EndGlobalSection
	GlobalSection(ProjectConfigurationPlatforms) = postSolution
		{C2F7684B-62DC-4F5A-9E67-7CAF4117FFFB}.Debug|x64.ActiveCfg = Debug|x64
		{C2F7684B-62DC-4F5A-9E67-7CAF4117FFFB}.Debug|x64.Build.0 = Debug|x64
		{C2F7684B-62DC-4F5A-9E67-7CAF4117FFFB}.Debug|x86.ActiveCfg = Debug|Win32
		{C2F7684B-62DC-4F5A-9E67-7CAF4117FFFB}.Debug|x86.Build.0 = Debug|Win32
		{C2F7684B-62DC-4F5A-9E67-7CAF4117FFFB}.Release|x64.ActiveCfg = Release|x64
		{C2F7684B-62DC-4F5A-9E67-7CAF4117FFFB}.Release|x64.Build.0 = Release|x64
		{C2F7684B-62DC-4F5A-9E67-7CAF4117FFFB}.Release|x86.ActiveCfg = Release|Win32
		{C2F7684B-62DC-4F5A-9E67-7CAF4117FFFB}.Release|x86.Build.0 = Release|Win32
	EndGlobalSection
	GlobalSection(SolutionProperties) = preSolution
		HideSolutionNode = FALSE
	EndGlobalSection
EndGlobal
