
Microsoft Visual Studio Solution File, Format Version 12.00
# Visual Studio 14
VisualStudioVersion = 14.0.23107.0
MinimumVisualStudioVersion = 10.0.40219.1
Project("{8BC9CEB8-8B4A-11D0-8D11-00A0C91BC942}") = "HelloWorld", "HelloWorld\HelloWorld.vcxproj", "{C2F7684B-62DC-4F5A-9E67-7CAF4117FFFB}"
EndProject
Project("{8BC9CEB8-8B4A-11D0-8D11-00A0C91BC942}") = "FileReadAndWrite", "FileReadAndWrite\FileReadAndWrite.vcxproj", "{DB87FDCC-37D9-4017-8CC3-F5D7F7DDE8C5}"
EndProject
Project("{8BC9CEB8-8B4A-11D0-8D11-00A0C91BC942}") = "FixedPointArithmetic", "FixedPointArithmetic\FixedPointArithmetic.vcxproj", "{C698B274-DBA1-4269-9B5D-0479B78FAB0A}"
EndProject
Project("{8BC9CEB8-8B4A-11D0-8D11-00A0C91BC942}") = "Sprintf_sAndSnprintf", "Sprintf_sAndSnprintf\Sprintf_sAndSnprintf.vcxproj", "{3BB08F29-B49E-433A-8450-A6480CC5E7FB}"
EndProject
Project("{8BC9CEB8-8B4A-11D0-8D11-00A0C91BC942}") = "Null", "Null\Null.vcxproj", "{2B1F2C08-6C98-41D0-BC42-E589FB52C7BF}"
EndProject
Project("{8BC9CEB8-8B4A-11D0-8D11-00A0C91BC942}") = "CInterview", "CInterview\CInterview.vcxproj", "{264F9DF3-F766-4DBA-A9C9-AC587FB776B8}"
EndProject
Project("{8BC9CEB8-8B4A-11D0-8D11-00A0C91BC942}") = "PreDefine", "predefine\predefine.vcxproj", "{30AD443B-2323-4404-9F76-09982B4B4F4C}"
EndProject
Project("{8BC9CEB8-8B4A-11D0-8D11-00A0C91BC942}") = "MemoryManagement", "MemoryManagement\MemoryManagement.vcxproj", "{3B355308-3093-4350-AE75-D3DC36AC75FD}"
EndProject
Global
	GlobalSection(SolutionConfigurationPlatforms) = preSolution
		Debug|x64 = Debug|x64
		Debug|x86 = Debug|x86
		Release|x64 = Release|x64
		Release|x86 = Release|x86
	EndGlobalSection
	GlobalSection(ProjectConfigurationPlatforms) = postSolution
		{C2F7684B-62DC-4F5A-9E67-7CAF4117FFFB}.Debug|x64.ActiveCfg = Debug|x64
		{C2F7684B-62DC-4F5A-9E67-7CAF4117FFFB}.Debug|x64.Build.0 = Debug|x64
		{C2F7684B-62DC-4F5A-9E67-7CAF4117FFFB}.Debug|x86.ActiveCfg = Debug|Win32
		{C2F7684B-62DC-4F5A-9E67-7CAF4117FFFB}.Debug|x86.Build.0 = Debug|Win32
		{C2F7684B-62DC-4F5A-9E67-7CAF4117FFFB}.Release|x64.ActiveCfg = Release|x64
		{C2F7684B-62DC-4F5A-9E67-7CAF4117FFFB}.Release|x64.Build.0 = Release|x64
		{C2F7684B-62DC-4F5A-9E67-7CAF4117FFFB}.Release|x86.ActiveCfg = Release|Win32
		{C2F7684B-62DC-4F5A-9E67-7CAF4117FFFB}.Release|x86.Build.0 = Release|Win32
		{DB87FDCC-37D9-4017-8CC3-F5D7F7DDE8C5}.Debug|x64.ActiveCfg = Debug|x64
		{DB87FDCC-37D9-4017-8CC3-F5D7F7DDE8C5}.Debug|x64.Build.0 = Debug|x64
		{DB87FDCC-37D9-4017-8CC3-F5D7F7DDE8C5}.Debug|x86.ActiveCfg = Debug|Win32
		{DB87FDCC-37D9-4017-8CC3-F5D7F7DDE8C5}.Debug|x86.Build.0 = Debug|Win32
		{DB87FDCC-37D9-4017-8CC3-F5D7F7DDE8C5}.Release|x64.ActiveCfg = Release|x64
		{DB87FDCC-37D9-4017-8CC3-F5D7F7DDE8C5}.Release|x64.Build.0 = Release|x64
		{DB87FDCC-37D9-4017-8CC3-F5D7F7DDE8C5}.Release|x86.ActiveCfg = Release|Win32
		{DB87FDCC-37D9-4017-8CC3-F5D7F7DDE8C5}.Release|x86.Build.0 = Release|Win32
		{C698B274-DBA1-4269-9B5D-0479B78FAB0A}.Debug|x64.ActiveCfg = Debug|x64
		{C698B274-DBA1-4269-9B5D-0479B78FAB0A}.Debug|x64.Build.0 = Debug|x64
		{C698B274-DBA1-4269-9B5D-0479B78FAB0A}.Debug|x86.ActiveCfg = Debug|Win32
		{C698B274-DBA1-4269-9B5D-0479B78FAB0A}.Debug|x86.Build.0 = Debug|Win32
		{C698B274-DBA1-4269-9B5D-0479B78FAB0A}.Release|x64.ActiveCfg = Release|x64
		{C698B274-DBA1-4269-9B5D-0479B78FAB0A}.Release|x64.Build.0 = Release|x64
		{C698B274-DBA1-4269-9B5D-0479B78FAB0A}.Release|x86.ActiveCfg = Release|Win32
		{C698B274-DBA1-4269-9B5D-0479B78FAB0A}.Release|x86.Build.0 = Release|Win32
		{3BB08F29-B49E-433A-8450-A6480CC5E7FB}.Debug|x64.ActiveCfg = Debug|x64
		{3BB08F29-B49E-433A-8450-A6480CC5E7FB}.Debug|x64.Build.0 = Debug|x64
		{3BB08F29-B49E-433A-8450-A6480CC5E7FB}.Debug|x86.ActiveCfg = Debug|Win32
		{3BB08F29-B49E-433A-8450-A6480CC5E7FB}.Debug|x86.Build.0 = Debug|Win32
		{3BB08F29-B49E-433A-8450-A6480CC5E7FB}.Release|x64.ActiveCfg = Release|x64
		{3BB08F29-B49E-433A-8450-A6480CC5E7FB}.Release|x64.Build.0 = Release|x64
		{3BB08F29-B49E-433A-8450-A6480CC5E7FB}.Release|x86.ActiveCfg = Release|Win32
		{3BB08F29-B49E-433A-8450-A6480CC5E7FB}.Release|x86.Build.0 = Release|Win32
		{2B1F2C08-6C98-41D0-BC42-E589FB52C7BF}.Debug|x64.ActiveCfg = Debug|x64
		{2B1F2C08-6C98-41D0-BC42-E589FB52C7BF}.Debug|x64.Build.0 = Debug|x64
		{2B1F2C08-6C98-41D0-BC42-E589FB52C7BF}.Debug|x86.ActiveCfg = Debug|Win32
		{2B1F2C08-6C98-41D0-BC42-E589FB52C7BF}.Debug|x86.Build.0 = Debug|Win32
		{2B1F2C08-6C98-41D0-BC42-E589FB52C7BF}.Release|x64.ActiveCfg = Release|x64
		{2B1F2C08-6C98-41D0-BC42-E589FB52C7BF}.Release|x64.Build.0 = Release|x64
		{2B1F2C08-6C98-41D0-BC42-E589FB52C7BF}.Release|x86.ActiveCfg = Release|Win32
		{2B1F2C08-6C98-41D0-BC42-E589FB52C7BF}.Release|x86.Build.0 = Release|Win32
		{264F9DF3-F766-4DBA-A9C9-AC587FB776B8}.Debug|x64.ActiveCfg = Debug|x64
		{264F9DF3-F766-4DBA-A9C9-AC587FB776B8}.Debug|x64.Build.0 = Debug|x64
		{264F9DF3-F766-4DBA-A9C9-AC587FB776B8}.Debug|x86.ActiveCfg = Debug|Win32
		{264F9DF3-F766-4DBA-A9C9-AC587FB776B8}.Debug|x86.Build.0 = Debug|Win32
		{264F9DF3-F766-4DBA-A9C9-AC587FB776B8}.Release|x64.ActiveCfg = Release|x64
		{264F9DF3-F766-4DBA-A9C9-AC587FB776B8}.Release|x64.Build.0 = Release|x64
		{264F9DF3-F766-4DBA-A9C9-AC587FB776B8}.Release|x86.ActiveCfg = Release|Win32
		{264F9DF3-F766-4DBA-A9C9-AC587FB776B8}.Release|x86.Build.0 = Release|Win32
		{30AD443B-2323-4404-9F76-09982B4B4F4C}.Debug|x64.ActiveCfg = Debug|x64
		{30AD443B-2323-4404-9F76-09982B4B4F4C}.Debug|x64.Build.0 = Debug|x64
		{30AD443B-2323-4404-9F76-09982B4B4F4C}.Debug|x86.ActiveCfg = Debug|Win32
		{30AD443B-2323-4404-9F76-09982B4B4F4C}.Debug|x86.Build.0 = Debug|Win32
		{30AD443B-2323-4404-9F76-09982B4B4F4C}.Release|x64.ActiveCfg = Release|x64
		{30AD443B-2323-4404-9F76-09982B4B4F4C}.Release|x64.Build.0 = Release|x64
		{30AD443B-2323-4404-9F76-09982B4B4F4C}.Release|x86.ActiveCfg = Release|Win32
		{30AD443B-2323-4404-9F76-09982B4B4F4C}.Release|x86.Build.0 = Release|Win32
		{3B355308-3093-4350-AE75-D3DC36AC75FD}.Debug|x64.ActiveCfg = Debug|x64
		{3B355308-3093-4350-AE75-D3DC36AC75FD}.Debug|x64.Build.0 = Debug|x64
		{3B355308-3093-4350-AE75-D3DC36AC75FD}.Debug|x86.ActiveCfg = Debug|Win32
		{3B355308-3093-4350-AE75-D3DC36AC75FD}.Debug|x86.Build.0 = Debug|Win32
		{3B355308-3093-4350-AE75-D3DC36AC75FD}.Release|x64.ActiveCfg = Release|x64
		{3B355308-3093-4350-AE75-D3DC36AC75FD}.Release|x64.Build.0 = Release|x64
		{3B355308-3093-4350-AE75-D3DC36AC75FD}.Release|x86.ActiveCfg = Release|Win32
		{3B355308-3093-4350-AE75-D3DC36AC75FD}.Release|x86.Build.0 = Release|Win32
	EndGlobalSection
	GlobalSection(SolutionProperties) = preSolution
		HideSolutionNode = FALSE
	EndGlobalSection
	GlobalSection(ExtensibilityGlobals) = postSolution
		SolutionGuid = {4150A834-2A2F-4240-8DA5-C0EFA59C7DA2}
	EndGlobalSection
EndGlobal
