
Microsoft Visual Studio Solution File, Format Version 12.00
# Visual Studio 15
VisualStudioVersion = 15.0.28307.572
MinimumVisualStudioVersion = 10.0.40219.1
Project("{8BC9CEB8-8B4A-11D0-8D11-00A0C91BC942}") = "GTest", "GTest\GTest.vcxproj", "{0695F103-8630-408C-B6F8-A9380AF7F2F3}"
EndProject
Project("{8BC9CEB8-8B4A-11D0-8D11-00A0C91BC942}") = "MathAppTest", "MathAppTest\MathAppTest.vcxproj", "{B0F0E71B-4AFB-4680-B3E1-E27BF49F526D}"
EndProject
Global
	GlobalSection(SolutionConfigurationPlatforms) = preSolution
		Debug|x64 = Debug|x64
		Debug|x86 = Debug|x86
		Release|x64 = Release|x64
		Release|x86 = Release|x86
	EndGlobalSection
	GlobalSection(ProjectConfigurationPlatforms) = postSolution
		{0695F103-8630-408C-B6F8-A9380AF7F2F3}.Debug|x64.ActiveCfg = Debug|x64
		{0695F103-8630-408C-B6F8-A9380AF7F2F3}.Debug|x64.Build.0 = Debug|x64
		{0695F103-8630-408C-B6F8-A9380AF7F2F3}.Debug|x86.ActiveCfg = Debug|Win32
		{0695F103-8630-408C-B6F8-A9380AF7F2F3}.Debug|x86.Build.0 = Debug|Win32
		{0695F103-8630-408C-B6F8-A9380AF7F2F3}.Release|x64.ActiveCfg = Release|x64
		{0695F103-8630-408C-B6F8-A9380AF7F2F3}.Release|x64.Build.0 = Release|x64
		{0695F103-8630-408C-B6F8-A9380AF7F2F3}.Release|x86.ActiveCfg = Release|Win32
		{0695F103-8630-408C-B6F8-A9380AF7F2F3}.Release|x86.Build.0 = Release|Win32
		{B0F0E71B-4AFB-4680-B3E1-E27BF49F526D}.Debug|x64.ActiveCfg = Debug|x64
		{B0F0E71B-4AFB-4680-B3E1-E27BF49F526D}.Debug|x64.Build.0 = Debug|x64
		{B0F0E71B-4AFB-4680-B3E1-E27BF49F526D}.Debug|x86.ActiveCfg = Debug|Win32
		{B0F0E71B-4AFB-4680-B3E1-E27BF49F526D}.Debug|x86.Build.0 = Debug|Win32
		{B0F0E71B-4AFB-4680-B3E1-E27BF49F526D}.Release|x64.ActiveCfg = Release|x64
		{B0F0E71B-4AFB-4680-B3E1-E27BF49F526D}.Release|x64.Build.0 = Release|x64
		{B0F0E71B-4AFB-4680-B3E1-E27BF49F526D}.Release|x86.ActiveCfg = Release|Win32
		{B0F0E71B-4AFB-4680-B3E1-E27BF49F526D}.Release|x86.Build.0 = Release|Win32
	EndGlobalSection
	GlobalSection(SolutionProperties) = preSolution
		HideSolutionNode = FALSE
	EndGlobalSection
	GlobalSection(ExtensibilityGlobals) = postSolution
		SolutionGuid = {F90A0281-65D4-4DD3-B222-EAB3B0C21687}
	EndGlobalSection
EndGlobal
