
Microsoft Visual Studio Solution File, Format Version 12.00
# Visual Studio 14
VisualStudioVersion = 14.0.23107.0
MinimumVisualStudioVersion = 10.0.40219.1
Project("{8BC9CEB8-8B4A-11D0-8D11-00A0C91BC942}") = "ConstructorsAndDestructors", "ConstructorsAndDestructors\ConstructorsAndDestructors.vcxproj", "{C443E50A-B1D9-4D48-B71B-10D1F704CB95}"
EndProject
Project("{8BC9CEB8-8B4A-11D0-8D11-00A0C91BC942}") = "CopyConstructor", "CopyConstructor\CopyConstructor.vcxproj", "{D4EB331E-D496-4F50-BF46-42AE861AB712}"
EndProject
Project("{8BC9CEB8-8B4A-11D0-8D11-00A0C91BC942}") = "ThisPointer", "ThisPointer\ThisPointer.vcxproj", "{D982A4D9-F9AB-471D-B0E8-C5A87526ECA7}"
EndProject
Project("{8BC9CEB8-8B4A-11D0-8D11-00A0C91BC942}") = "OverloadedOperator", "OverloadedOperator\OverloadedOperator.vcxproj", "{A58BECC3-45B1-4137-9907-3E8D056CE361}"
EndProject
Project("{8BC9CEB8-8B4A-11D0-8D11-00A0C91BC942}") = "C++Interview", "C++Interview\C++Interview.vcxproj", "{90E9C83C-4E03-475E-95D9-254B15874437}"
EndProject
Project("{8BC9CEB8-8B4A-11D0-8D11-00A0C91BC942}") = "Inheritance", "Inherit\Inherit.vcxproj", "{0E66DBCB-DB21-41B6-B9B2-BBB30DBD3B4A}"
EndProject
Project("{8BC9CEB8-8B4A-11D0-8D11-00A0C91BC942}") = "Polymorphism", "Polymorphism\Polymorphism.vcxproj", "{9C57E9FB-BB40-402A-922C-7C90D67D104D}"
EndProject
Project("{8BC9CEB8-8B4A-11D0-8D11-00A0C91BC942}") = "Interface", "Interface\Interface.vcxproj", "{11F50E77-6D77-48B3-8663-340CFF44C035}"
EndProject
Project("{8BC9CEB8-8B4A-11D0-8D11-00A0C91BC942}") = "StdStack", "StdStack\StdStack.vcxproj", "{979673EA-E984-45E1-9876-84AE5EDD8A3E}"
EndProject
Global
	GlobalSection(SolutionConfigurationPlatforms) = preSolution
		Debug|x64 = Debug|x64
		Debug|x86 = Debug|x86
		Release|x64 = Release|x64
		Release|x86 = Release|x86
	EndGlobalSection
	GlobalSection(ProjectConfigurationPlatforms) = postSolution
		{C443E50A-B1D9-4D48-B71B-10D1F704CB95}.Debug|x64.ActiveCfg = Debug|x64
		{C443E50A-B1D9-4D48-B71B-10D1F704CB95}.Debug|x64.Build.0 = Debug|x64
		{C443E50A-B1D9-4D48-B71B-10D1F704CB95}.Debug|x86.ActiveCfg = Debug|Win32
		{C443E50A-B1D9-4D48-B71B-10D1F704CB95}.Debug|x86.Build.0 = Debug|Win32
		{C443E50A-B1D9-4D48-B71B-10D1F704CB95}.Release|x64.ActiveCfg = Release|x64
		{C443E50A-B1D9-4D48-B71B-10D1F704CB95}.Release|x64.Build.0 = Release|x64
		{C443E50A-B1D9-4D48-B71B-10D1F704CB95}.Release|x86.ActiveCfg = Release|Win32
		{C443E50A-B1D9-4D48-B71B-10D1F704CB95}.Release|x86.Build.0 = Release|Win32
		{D4EB331E-D496-4F50-BF46-42AE861AB712}.Debug|x64.ActiveCfg = Debug|x64
		{D4EB331E-D496-4F50-BF46-42AE861AB712}.Debug|x64.Build.0 = Debug|x64
		{D4EB331E-D496-4F50-BF46-42AE861AB712}.Debug|x86.ActiveCfg = Debug|Win32
		{D4EB331E-D496-4F50-BF46-42AE861AB712}.Debug|x86.Build.0 = Debug|Win32
		{D4EB331E-D496-4F50-BF46-42AE861AB712}.Release|x64.ActiveCfg = Release|x64
		{D4EB331E-D496-4F50-BF46-42AE861AB712}.Release|x64.Build.0 = Release|x64
		{D4EB331E-D496-4F50-BF46-42AE861AB712}.Release|x86.ActiveCfg = Release|Win32
		{D4EB331E-D496-4F50-BF46-42AE861AB712}.Release|x86.Build.0 = Release|Win32
		{D982A4D9-F9AB-471D-B0E8-C5A87526ECA7}.Debug|x64.ActiveCfg = Debug|x64
		{D982A4D9-F9AB-471D-B0E8-C5A87526ECA7}.Debug|x64.Build.0 = Debug|x64
		{D982A4D9-F9AB-471D-B0E8-C5A87526ECA7}.Debug|x86.ActiveCfg = Debug|Win32
		{D982A4D9-F9AB-471D-B0E8-C5A87526ECA7}.Debug|x86.Build.0 = Debug|Win32
		{D982A4D9-F9AB-471D-B0E8-C5A87526ECA7}.Release|x64.ActiveCfg = Release|x64
		{D982A4D9-F9AB-471D-B0E8-C5A87526ECA7}.Release|x64.Build.0 = Release|x64
		{D982A4D9-F9AB-471D-B0E8-C5A87526ECA7}.Release|x86.ActiveCfg = Release|Win32
		{D982A4D9-F9AB-471D-B0E8-C5A87526ECA7}.Release|x86.Build.0 = Release|Win32
		{A58BECC3-45B1-4137-9907-3E8D056CE361}.Debug|x64.ActiveCfg = Debug|x64
		{A58BECC3-45B1-4137-9907-3E8D056CE361}.Debug|x64.Build.0 = Debug|x64
		{A58BECC3-45B1-4137-9907-3E8D056CE361}.Debug|x86.ActiveCfg = Debug|Win32
		{A58BECC3-45B1-4137-9907-3E8D056CE361}.Debug|x86.Build.0 = Debug|Win32
		{A58BECC3-45B1-4137-9907-3E8D056CE361}.Release|x64.ActiveCfg = Release|x64
		{A58BECC3-45B1-4137-9907-3E8D056CE361}.Release|x64.Build.0 = Release|x64
		{A58BECC3-45B1-4137-9907-3E8D056CE361}.Release|x86.ActiveCfg = Release|Win32
		{A58BECC3-45B1-4137-9907-3E8D056CE361}.Release|x86.Build.0 = Release|Win32
		{90E9C83C-4E03-475E-95D9-254B15874437}.Debug|x64.ActiveCfg = Debug|x64
		{90E9C83C-4E03-475E-95D9-254B15874437}.Debug|x64.Build.0 = Debug|x64
		{90E9C83C-4E03-475E-95D9-254B15874437}.Debug|x86.ActiveCfg = Debug|Win32
		{90E9C83C-4E03-475E-95D9-254B15874437}.Debug|x86.Build.0 = Debug|Win32
		{90E9C83C-4E03-475E-95D9-254B15874437}.Release|x64.ActiveCfg = Release|x64
		{90E9C83C-4E03-475E-95D9-254B15874437}.Release|x64.Build.0 = Release|x64
		{90E9C83C-4E03-475E-95D9-254B15874437}.Release|x86.ActiveCfg = Release|Win32
		{90E9C83C-4E03-475E-95D9-254B15874437}.Release|x86.Build.0 = Release|Win32
		{0E66DBCB-DB21-41B6-B9B2-BBB30DBD3B4A}.Debug|x64.ActiveCfg = Debug|x64
		{0E66DBCB-DB21-41B6-B9B2-BBB30DBD3B4A}.Debug|x64.Build.0 = Debug|x64
		{0E66DBCB-DB21-41B6-B9B2-BBB30DBD3B4A}.Debug|x86.ActiveCfg = Debug|Win32
		{0E66DBCB-DB21-41B6-B9B2-BBB30DBD3B4A}.Debug|x86.Build.0 = Debug|Win32
		{0E66DBCB-DB21-41B6-B9B2-BBB30DBD3B4A}.Release|x64.ActiveCfg = Release|x64
		{0E66DBCB-DB21-41B6-B9B2-BBB30DBD3B4A}.Release|x64.Build.0 = Release|x64
		{0E66DBCB-DB21-41B6-B9B2-BBB30DBD3B4A}.Release|x86.ActiveCfg = Release|Win32
		{0E66DBCB-DB21-41B6-B9B2-BBB30DBD3B4A}.Release|x86.Build.0 = Release|Win32
		{9C57E9FB-BB40-402A-922C-7C90D67D104D}.Debug|x64.ActiveCfg = Debug|x64
		{9C57E9FB-BB40-402A-922C-7C90D67D104D}.Debug|x64.Build.0 = Debug|x64
		{9C57E9FB-BB40-402A-922C-7C90D67D104D}.Debug|x86.ActiveCfg = Debug|Win32
		{9C57E9FB-BB40-402A-922C-7C90D67D104D}.Debug|x86.Build.0 = Debug|Win32
		{9C57E9FB-BB40-402A-922C-7C90D67D104D}.Release|x64.ActiveCfg = Release|x64
		{9C57E9FB-BB40-402A-922C-7C90D67D104D}.Release|x64.Build.0 = Release|x64
		{9C57E9FB-BB40-402A-922C-7C90D67D104D}.Release|x86.ActiveCfg = Release|Win32
		{9C57E9FB-BB40-402A-922C-7C90D67D104D}.Release|x86.Build.0 = Release|Win32
		{11F50E77-6D77-48B3-8663-340CFF44C035}.Debug|x64.ActiveCfg = Debug|x64
		{11F50E77-6D77-48B3-8663-340CFF44C035}.Debug|x64.Build.0 = Debug|x64
		{11F50E77-6D77-48B3-8663-340CFF44C035}.Debug|x86.ActiveCfg = Debug|Win32
		{11F50E77-6D77-48B3-8663-340CFF44C035}.Debug|x86.Build.0 = Debug|Win32
		{11F50E77-6D77-48B3-8663-340CFF44C035}.Release|x64.ActiveCfg = Release|x64
		{11F50E77-6D77-48B3-8663-340CFF44C035}.Release|x64.Build.0 = Release|x64
		{11F50E77-6D77-48B3-8663-340CFF44C035}.Release|x86.ActiveCfg = Release|Win32
		{11F50E77-6D77-48B3-8663-340CFF44C035}.Release|x86.Build.0 = Release|Win32
		{979673EA-E984-45E1-9876-84AE5EDD8A3E}.Debug|x64.ActiveCfg = Debug|x64
		{979673EA-E984-45E1-9876-84AE5EDD8A3E}.Debug|x64.Build.0 = Debug|x64
		{979673EA-E984-45E1-9876-84AE5EDD8A3E}.Debug|x86.ActiveCfg = Debug|Win32
		{979673EA-E984-45E1-9876-84AE5EDD8A3E}.Debug|x86.Build.0 = Debug|Win32
		{979673EA-E984-45E1-9876-84AE5EDD8A3E}.Release|x64.ActiveCfg = Release|x64
		{979673EA-E984-45E1-9876-84AE5EDD8A3E}.Release|x64.Build.0 = Release|x64
		{979673EA-E984-45E1-9876-84AE5EDD8A3E}.Release|x86.ActiveCfg = Release|Win32
		{979673EA-E984-45E1-9876-84AE5EDD8A3E}.Release|x86.Build.0 = Release|Win32
	EndGlobalSection
	GlobalSection(SolutionProperties) = preSolution
		HideSolutionNode = FALSE
	EndGlobalSection
EndGlobal
